// !$*UTF8*$!
{
	archiveVersion = 1;
	classes = {
	};
	objectVersion = 48;
	objects = {

/* Begin PBXBuildFile section */
		06EC1874714B82988D952181 /* Pods_Stampyt.framework in Frameworks */ = {isa = PBXBuildFile; fileRef = D79A84C16844DE57D6EC7AF4 /* Pods_Stampyt.framework */; };
		08519DC8CD57678B5BCE1B37 /* Pods_StampytTests.framework in Frameworks */ = {isa = PBXBuildFile; fileRef = 7A3E70E6F6E06B3E690FAA68 /* Pods_StampytTests.framework */; };
		39F8DFC9E3E136D30EEE4E9A /* Pods_StampytUITests.framework in Frameworks */ = {isa = PBXBuildFile; fileRef = 2CB2E277FECA471A9E2AC044 /* Pods_StampytUITests.framework */; };
		8F56FCBA21505083007023A1 /* AppDelegate.swift in Sources */ = {isa = PBXBuildFile; fileRef = 8F56FCB921505083007023A1 /* AppDelegate.swift */; };
		8F56FCBC21505083007023A1 /* ShootViewController.swift in Sources */ = {isa = PBXBuildFile; fileRef = 8F56FCBB21505083007023A1 /* ShootViewController.swift */; };
		8F56FCBF21505083007023A1 /* Main.storyboard in Resources */ = {isa = PBXBuildFile; fileRef = 8F56FCBD21505083007023A1 /* Main.storyboard */; };
		8F56FCC121505083007023A1 /* Assets.xcassets in Resources */ = {isa = PBXBuildFile; fileRef = 8F56FCC021505083007023A1 /* Assets.xcassets */; };
		8F56FCC421505083007023A1 /* LaunchScreen.storyboard in Resources */ = {isa = PBXBuildFile; fileRef = 8F56FCC221505083007023A1 /* LaunchScreen.storyboard */; };
		8F56FCCF21505083007023A1 /* StampytTests.swift in Sources */ = {isa = PBXBuildFile; fileRef = 8F56FCCE21505083007023A1 /* StampytTests.swift */; };
		8F56FCDA21505083007023A1 /* StampytUITests.swift in Sources */ = {isa = PBXBuildFile; fileRef = 8F56FCD921505083007023A1 /* StampytUITests.swift */; };
		8FDCE31521514F5D00E03D74 /* Constants.swift in Sources */ = {isa = PBXBuildFile; fileRef = 8FDCE31421514F5D00E03D74 /* Constants.swift */; };
		8FDCE3182151731C00E03D74 /* RoundedButton.swift in Sources */ = {isa = PBXBuildFile; fileRef = 8FDCE3172151731C00E03D74 /* RoundedButton.swift */; };
		8FDCE31A2151746700E03D74 /* ImagePreviewViewController.swift in Sources */ = {isa = PBXBuildFile; fileRef = 8FDCE3192151746700E03D74 /* ImagePreviewViewController.swift */; };
		8FDCE31E21524B3100E03D74 /* SendProductViewController.swift in Sources */ = {isa = PBXBuildFile; fileRef = 8FDCE31D21524B3100E03D74 /* SendProductViewController.swift */; };
		8FDCE32021524C0500E03D74 /* ProductsPageViewController.swift in Sources */ = {isa = PBXBuildFile; fileRef = 8FDCE31F21524C0500E03D74 /* ProductsPageViewController.swift */; };
		8FDCE3222152864F00E03D74 /* UIViewControllerExtension.swift in Sources */ = {isa = PBXBuildFile; fileRef = 8FDCE3212152864F00E03D74 /* UIViewControllerExtension.swift */; };
		8FDCE324215289D000E03D74 /* ProductViewController.swift in Sources */ = {isa = PBXBuildFile; fileRef = 8FDCE323215289D000E03D74 /* ProductViewController.swift */; };
		8FECF7C02151428F004F3F62 /* ShootingService.swift in Sources */ = {isa = PBXBuildFile; fileRef = 8FECF7BF2151428F004F3F62 /* ShootingService.swift */; };
/* End PBXBuildFile section */

/* Begin PBXContainerItemProxy section */
		8F56FCCB21505083007023A1 /* PBXContainerItemProxy */ = {
			isa = PBXContainerItemProxy;
			containerPortal = 8F56FCAE21505083007023A1 /* Project object */;
			proxyType = 1;
			remoteGlobalIDString = 8F56FCB521505083007023A1;
			remoteInfo = Stampyt;
		};
		8F56FCD621505083007023A1 /* PBXContainerItemProxy */ = {
			isa = PBXContainerItemProxy;
			containerPortal = 8F56FCAE21505083007023A1 /* Project object */;
			proxyType = 1;
			remoteGlobalIDString = 8F56FCB521505083007023A1;
			remoteInfo = Stampyt;
		};
/* End PBXContainerItemProxy section */

/* Begin PBXFileReference section */
		00C6E14FF1E4EFD9E18EA5CC /* Pods-StampytTests.release.xcconfig */ = {isa = PBXFileReference; includeInIndex = 1; lastKnownFileType = text.xcconfig; name = "Pods-StampytTests.release.xcconfig"; path = "Pods/Target Support Files/Pods-StampytTests/Pods-StampytTests.release.xcconfig"; sourceTree = "<group>"; };
		2CB2E277FECA471A9E2AC044 /* Pods_StampytUITests.framework */ = {isa = PBXFileReference; explicitFileType = wrapper.framework; includeInIndex = 0; path = Pods_StampytUITests.framework; sourceTree = BUILT_PRODUCTS_DIR; };
		688131415439C5ED4F94CBE2 /* Pods-Stampyt.release.xcconfig */ = {isa = PBXFileReference; includeInIndex = 1; lastKnownFileType = text.xcconfig; name = "Pods-Stampyt.release.xcconfig"; path = "Pods/Target Support Files/Pods-Stampyt/Pods-Stampyt.release.xcconfig"; sourceTree = "<group>"; };
		6BE17E67A3FEA3A5C0CEC603 /* Pods-StampytUITests.debug.xcconfig */ = {isa = PBXFileReference; includeInIndex = 1; lastKnownFileType = text.xcconfig; name = "Pods-StampytUITests.debug.xcconfig"; path = "Pods/Target Support Files/Pods-StampytUITests/Pods-StampytUITests.debug.xcconfig"; sourceTree = "<group>"; };
		7A3E70E6F6E06B3E690FAA68 /* Pods_StampytTests.framework */ = {isa = PBXFileReference; explicitFileType = wrapper.framework; includeInIndex = 0; path = Pods_StampytTests.framework; sourceTree = BUILT_PRODUCTS_DIR; };
		8F56FCB621505083007023A1 /* Stampyt.app */ = {isa = PBXFileReference; explicitFileType = wrapper.application; includeInIndex = 0; path = Stampyt.app; sourceTree = BUILT_PRODUCTS_DIR; };
		8F56FCB921505083007023A1 /* AppDelegate.swift */ = {isa = PBXFileReference; lastKnownFileType = sourcecode.swift; path = AppDelegate.swift; sourceTree = "<group>"; };
		8F56FCBB21505083007023A1 /* ShootViewController.swift */ = {isa = PBXFileReference; lastKnownFileType = sourcecode.swift; path = ShootViewController.swift; sourceTree = "<group>"; };
		8F56FCBE21505083007023A1 /* Base */ = {isa = PBXFileReference; lastKnownFileType = file.storyboard; name = Base; path = Base.lproj/Main.storyboard; sourceTree = "<group>"; };
		8F56FCC021505083007023A1 /* Assets.xcassets */ = {isa = PBXFileReference; lastKnownFileType = folder.assetcatalog; path = Assets.xcassets; sourceTree = "<group>"; };
		8F56FCC321505083007023A1 /* Base */ = {isa = PBXFileReference; lastKnownFileType = file.storyboard; name = Base; path = Base.lproj/LaunchScreen.storyboard; sourceTree = "<group>"; };
		8F56FCC521505083007023A1 /* Info.plist */ = {isa = PBXFileReference; lastKnownFileType = text.plist.xml; path = Info.plist; sourceTree = "<group>"; };
		8F56FCCA21505083007023A1 /* StampytTests.xctest */ = {isa = PBXFileReference; explicitFileType = wrapper.cfbundle; includeInIndex = 0; path = StampytTests.xctest; sourceTree = BUILT_PRODUCTS_DIR; };
		8F56FCCE21505083007023A1 /* StampytTests.swift */ = {isa = PBXFileReference; lastKnownFileType = sourcecode.swift; path = StampytTests.swift; sourceTree = "<group>"; };
		8F56FCD021505083007023A1 /* Info.plist */ = {isa = PBXFileReference; lastKnownFileType = text.plist.xml; path = Info.plist; sourceTree = "<group>"; };
		8F56FCD521505083007023A1 /* StampytUITests.xctest */ = {isa = PBXFileReference; explicitFileType = wrapper.cfbundle; includeInIndex = 0; path = StampytUITests.xctest; sourceTree = BUILT_PRODUCTS_DIR; };
		8F56FCD921505083007023A1 /* StampytUITests.swift */ = {isa = PBXFileReference; lastKnownFileType = sourcecode.swift; path = StampytUITests.swift; sourceTree = "<group>"; };
		8F56FCDB21505083007023A1 /* Info.plist */ = {isa = PBXFileReference; lastKnownFileType = text.plist.xml; path = Info.plist; sourceTree = "<group>"; };
		8FDCE31421514F5D00E03D74 /* Constants.swift */ = {isa = PBXFileReference; lastKnownFileType = sourcecode.swift; path = Constants.swift; sourceTree = "<group>"; };
		8FDCE3172151731C00E03D74 /* RoundedButton.swift */ = {isa = PBXFileReference; lastKnownFileType = sourcecode.swift; path = RoundedButton.swift; sourceTree = "<group>"; };
		8FDCE3192151746700E03D74 /* ImagePreviewViewController.swift */ = {isa = PBXFileReference; lastKnownFileType = sourcecode.swift; path = ImagePreviewViewController.swift; sourceTree = "<group>"; };
		8FDCE31D21524B3100E03D74 /* SendProductViewController.swift */ = {isa = PBXFileReference; lastKnownFileType = sourcecode.swift; path = SendProductViewController.swift; sourceTree = "<group>"; };
		8FDCE31F21524C0500E03D74 /* ProductsPageViewController.swift */ = {isa = PBXFileReference; lastKnownFileType = sourcecode.swift; path = ProductsPageViewController.swift; sourceTree = "<group>"; };
		8FDCE3212152864F00E03D74 /* UIViewControllerExtension.swift */ = {isa = PBXFileReference; lastKnownFileType = sourcecode.swift; path = UIViewControllerExtension.swift; sourceTree = "<group>"; };
		8FDCE323215289D000E03D74 /* ProductViewController.swift */ = {isa = PBXFileReference; lastKnownFileType = sourcecode.swift; path = ProductViewController.swift; sourceTree = "<group>"; };
		8FECF7BF2151428F004F3F62 /* ShootingService.swift */ = {isa = PBXFileReference; lastKnownFileType = sourcecode.swift; path = ShootingService.swift; sourceTree = "<group>"; };
		A243C6429663AEFBD0489656 /* Pods-StampytUITests.release.xcconfig */ = {isa = PBXFileReference; includeInIndex = 1; lastKnownFileType = text.xcconfig; name = "Pods-StampytUITests.release.xcconfig"; path = "Pods/Target Support Files/Pods-StampytUITests/Pods-StampytUITests.release.xcconfig"; sourceTree = "<group>"; };
		C0ACE3D14A358C07C128D0F5 /* Pods-Stampyt.debug.xcconfig */ = {isa = PBXFileReference; includeInIndex = 1; lastKnownFileType = text.xcconfig; name = "Pods-Stampyt.debug.xcconfig"; path = "Pods/Target Support Files/Pods-Stampyt/Pods-Stampyt.debug.xcconfig"; sourceTree = "<group>"; };
		C0D3B18B1222C4E82B593469 /* Pods-StampytTests.debug.xcconfig */ = {isa = PBXFileReference; includeInIndex = 1; lastKnownFileType = text.xcconfig; name = "Pods-StampytTests.debug.xcconfig"; path = "Pods/Target Support Files/Pods-StampytTests/Pods-StampytTests.debug.xcconfig"; sourceTree = "<group>"; };
		D79A84C16844DE57D6EC7AF4 /* Pods_Stampyt.framework */ = {isa = PBXFileReference; explicitFileType = wrapper.framework; includeInIndex = 0; path = Pods_Stampyt.framework; sourceTree = BUILT_PRODUCTS_DIR; };
/* End PBXFileReference section */

/* Begin PBXFrameworksBuildPhase section */
		8F56FCB321505083007023A1 /* Frameworks */ = {
			isa = PBXFrameworksBuildPhase;
			buildActionMask = 2147483647;
			files = (
				06EC1874714B82988D952181 /* Pods_Stampyt.framework in Frameworks */,
			);
			runOnlyForDeploymentPostprocessing = 0;
		};
		8F56FCC721505083007023A1 /* Frameworks */ = {
			isa = PBXFrameworksBuildPhase;
			buildActionMask = 2147483647;
			files = (
				08519DC8CD57678B5BCE1B37 /* Pods_StampytTests.framework in Frameworks */,
			);
			runOnlyForDeploymentPostprocessing = 0;
		};
		8F56FCD221505083007023A1 /* Frameworks */ = {
			isa = PBXFrameworksBuildPhase;
			buildActionMask = 2147483647;
			files = (
				39F8DFC9E3E136D30EEE4E9A /* Pods_StampytUITests.framework in Frameworks */,
			);
			runOnlyForDeploymentPostprocessing = 0;
		};
/* End PBXFrameworksBuildPhase section */

/* Begin PBXGroup section */
		1FF07B42260F056F4ACDD01F /* Frameworks */ = {
			isa = PBXGroup;
			children = (
				D79A84C16844DE57D6EC7AF4 /* Pods_Stampyt.framework */,
				7A3E70E6F6E06B3E690FAA68 /* Pods_StampytTests.framework */,
				2CB2E277FECA471A9E2AC044 /* Pods_StampytUITests.framework */,
			);
			name = Frameworks;
			sourceTree = "<group>";
		};
		7056BA7D42EBF2B5998CE6BC /* Pods */ = {
			isa = PBXGroup;
			children = (
				C0ACE3D14A358C07C128D0F5 /* Pods-Stampyt.debug.xcconfig */,
				688131415439C5ED4F94CBE2 /* Pods-Stampyt.release.xcconfig */,
				C0D3B18B1222C4E82B593469 /* Pods-StampytTests.debug.xcconfig */,
				00C6E14FF1E4EFD9E18EA5CC /* Pods-StampytTests.release.xcconfig */,
				6BE17E67A3FEA3A5C0CEC603 /* Pods-StampytUITests.debug.xcconfig */,
				A243C6429663AEFBD0489656 /* Pods-StampytUITests.release.xcconfig */,
			);
			name = Pods;
			sourceTree = "<group>";
		};
		8F56FCAD21505083007023A1 = {
			isa = PBXGroup;
			children = (
				8F56FCB821505083007023A1 /* Stampyt */,
				8F56FCCD21505083007023A1 /* StampytTests */,
				8F56FCD821505083007023A1 /* StampytUITests */,
				8F56FCB721505083007023A1 /* Products */,
				7056BA7D42EBF2B5998CE6BC /* Pods */,
				1FF07B42260F056F4ACDD01F /* Frameworks */,
			);
			sourceTree = "<group>";
		};
		8F56FCB721505083007023A1 /* Products */ = {
			isa = PBXGroup;
			children = (
				8F56FCB621505083007023A1 /* Stampyt.app */,
				8F56FCCA21505083007023A1 /* StampytTests.xctest */,
				8F56FCD521505083007023A1 /* StampytUITests.xctest */,
			);
			name = Products;
			sourceTree = "<group>";
		};
		8F56FCB821505083007023A1 /* Stampyt */ = {
			isa = PBXGroup;
			children = (
				8F56FCC521505083007023A1 /* Info.plist */,
				8F56FCB921505083007023A1 /* AppDelegate.swift */,
				8F56FCC021505083007023A1 /* Assets.xcassets */,
				8FDCE32A2152904F00E03D74 /* Controller */,
				8FDCE316215172FD00E03D74 /* Extension */,
				8F56FCC221505083007023A1 /* LaunchScreen.storyboard */,
				8FDCE3282152904300E03D74 /* Service */,
				8FDCE31321514F4600E03D74 /* Utilities */,
				8F56FCEA21505503007023A1 /* View */,
			);
			path = Stampyt;
			sourceTree = "<group>";
		};
		8F56FCCD21505083007023A1 /* StampytTests */ = {
			isa = PBXGroup;
			children = (
				8F56FCCE21505083007023A1 /* StampytTests.swift */,
				8F56FCD021505083007023A1 /* Info.plist */,
			);
			path = StampytTests;
			sourceTree = "<group>";
		};
		8F56FCD821505083007023A1 /* StampytUITests */ = {
			isa = PBXGroup;
			children = (
				8F56FCD921505083007023A1 /* StampytUITests.swift */,
				8F56FCDB21505083007023A1 /* Info.plist */,
			);
			path = StampytUITests;
			sourceTree = "<group>";
		};
		8F56FCEA21505503007023A1 /* View */ = {
			isa = PBXGroup;
			children = (
				8F56FCBD21505083007023A1 /* Main.storyboard */,
			);
			path = View;
			sourceTree = "<group>";
		};
		8FDCE31321514F4600E03D74 /* Utilities */ = {
			isa = PBXGroup;
			children = (
				8FDCE31421514F5D00E03D74 /* Constants.swift */,
			);
			path = Utilities;
			sourceTree = "<group>";
		};
		8FDCE316215172FD00E03D74 /* Extension */ = {
			isa = PBXGroup;
			children = (
				8FDCE3172151731C00E03D74 /* RoundedButton.swift */,
				8FDCE3212152864F00E03D74 /* UIViewControllerExtension.swift */,
			);
			path = Extension;
			sourceTree = "<group>";
		};
		8FDCE3282152904300E03D74 /* Service */ = {
			isa = PBXGroup;
			children = (
				8FECF7BF2151428F004F3F62 /* ShootingService.swift */,
			);
			name = Service;
			path = Modules/Service;
			sourceTree = "<group>";
		};
		8FDCE32A2152904F00E03D74 /* Controller */ = {
			isa = PBXGroup;
			children = (
				8FDCE3192151746700E03D74 /* ImagePreviewViewController.swift */,
				8FDCE31F21524C0500E03D74 /* ProductsPageViewController.swift */,
				8FDCE323215289D000E03D74 /* ProductViewController.swift */,
				8FDCE31D21524B3100E03D74 /* SendProductViewController.swift */,
				8F56FCBB21505083007023A1 /* ShootViewController.swift */,
			);
			path = Controller;
			sourceTree = "<group>";
		};
/* End PBXGroup section */

/* Begin PBXNativeTarget section */
		8F56FCB521505083007023A1 /* Stampyt */ = {
			isa = PBXNativeTarget;
			buildConfigurationList = 8F56FCDE21505083007023A1 /* Build configuration list for PBXNativeTarget "Stampyt" */;
			buildPhases = (
				B02B58538C9CD207102F2189 /* [CP] Check Pods Manifest.lock */,
				8F56FCED215055CE007023A1 /* ShellScript */,
				8F56FCB221505083007023A1 /* Sources */,
				8F56FCB321505083007023A1 /* Frameworks */,
				8F56FCB421505083007023A1 /* Resources */,
				540E03910D6E9E43E5DD1362 /* [CP] Embed Pods Frameworks */,
				84B5173D45497700334F69BA /* [CP] Copy Pods Resources */,
			);
			buildRules = (
			);
			dependencies = (
			);
			name = Stampyt;
			productName = Stampyt;
			productReference = 8F56FCB621505083007023A1 /* Stampyt.app */;
			productType = "com.apple.product-type.application";
		};
		8F56FCC921505083007023A1 /* StampytTests */ = {
			isa = PBXNativeTarget;
			buildConfigurationList = 8F56FCE121505083007023A1 /* Build configuration list for PBXNativeTarget "StampytTests" */;
			buildPhases = (
				BE686571E2E000679ECA6B7F /* [CP] Check Pods Manifest.lock */,
				8F56FCC621505083007023A1 /* Sources */,
				8F56FCC721505083007023A1 /* Frameworks */,
				8F56FCC821505083007023A1 /* Resources */,
				C16E9133106082CAA7682D66 /* [CP] Embed Pods Frameworks */,
				FF668C1FC37EDAEBE73FB3B7 /* [CP] Copy Pods Resources */,
			);
			buildRules = (
			);
			dependencies = (
				8F56FCCC21505083007023A1 /* PBXTargetDependency */,
			);
			name = StampytTests;
			productName = StampytTests;
			productReference = 8F56FCCA21505083007023A1 /* StampytTests.xctest */;
			productType = "com.apple.product-type.bundle.unit-test";
		};
		8F56FCD421505083007023A1 /* StampytUITests */ = {
			isa = PBXNativeTarget;
			buildConfigurationList = 8F56FCE421505083007023A1 /* Build configuration list for PBXNativeTarget "StampytUITests" */;
			buildPhases = (
				18BC5D4CC9AFA5C8A336A13E /* [CP] Check Pods Manifest.lock */,
				8F56FCD121505083007023A1 /* Sources */,
				8F56FCD221505083007023A1 /* Frameworks */,
				8F56FCD321505083007023A1 /* Resources */,
				731E866AC6412650339D053E /* [CP] Embed Pods Frameworks */,
				964E78DAF7FE10EBD042C183 /* [CP] Copy Pods Resources */,
			);
			buildRules = (
			);
			dependencies = (
				8F56FCD721505083007023A1 /* PBXTargetDependency */,
			);
			name = StampytUITests;
			productName = StampytUITests;
			productReference = 8F56FCD521505083007023A1 /* StampytUITests.xctest */;
			productType = "com.apple.product-type.bundle.ui-testing";
		};
/* End PBXNativeTarget section */

/* Begin PBXProject section */
		8F56FCAE21505083007023A1 /* Project object */ = {
			isa = PBXProject;
			attributes = {
				LastSwiftUpdateCheck = 0900;
				LastUpgradeCheck = 1000;
				ORGANIZATIONNAME = Pierre;
				TargetAttributes = {
					8F56FCB521505083007023A1 = {
						CreatedOnToolsVersion = 9.0;
						LastSwiftMigration = 1000;
						ProvisioningStyle = Automatic;
					};
					8F56FCC921505083007023A1 = {
						CreatedOnToolsVersion = 9.0;
						LastSwiftMigration = 1000;
						ProvisioningStyle = Automatic;
						TestTargetID = 8F56FCB521505083007023A1;
					};
					8F56FCD421505083007023A1 = {
						CreatedOnToolsVersion = 9.0;
						LastSwiftMigration = 1000;
						ProvisioningStyle = Automatic;
						TestTargetID = 8F56FCB521505083007023A1;
					};
				};
			};
			buildConfigurationList = 8F56FCB121505083007023A1 /* Build configuration list for PBXProject "Stampyt" */;
			compatibilityVersion = "Xcode 8.0";
			developmentRegion = en;
			hasScannedForEncodings = 0;
			knownRegions = (
				en,
				Base,
			);
			mainGroup = 8F56FCAD21505083007023A1;
			productRefGroup = 8F56FCB721505083007023A1 /* Products */;
			projectDirPath = "";
			projectRoot = "";
			targets = (
				8F56FCB521505083007023A1 /* Stampyt */,
				8F56FCC921505083007023A1 /* StampytTests */,
				8F56FCD421505083007023A1 /* StampytUITests */,
			);
		};
/* End PBXProject section */

/* Begin PBXResourcesBuildPhase section */
		8F56FCB421505083007023A1 /* Resources */ = {
			isa = PBXResourcesBuildPhase;
			buildActionMask = 2147483647;
			files = (
				8F56FCC421505083007023A1 /* LaunchScreen.storyboard in Resources */,
				8F56FCC121505083007023A1 /* Assets.xcassets in Resources */,
				8F56FCBF21505083007023A1 /* Main.storyboard in Resources */,
			);
			runOnlyForDeploymentPostprocessing = 0;
		};
		8F56FCC821505083007023A1 /* Resources */ = {
			isa = PBXResourcesBuildPhase;
			buildActionMask = 2147483647;
			files = (
			);
			runOnlyForDeploymentPostprocessing = 0;
		};
		8F56FCD321505083007023A1 /* Resources */ = {
			isa = PBXResourcesBuildPhase;
			buildActionMask = 2147483647;
			files = (
			);
			runOnlyForDeploymentPostprocessing = 0;
		};
/* End PBXResourcesBuildPhase section */

/* Begin PBXShellScriptBuildPhase section */
		18BC5D4CC9AFA5C8A336A13E /* [CP] Check Pods Manifest.lock */ = {
			isa = PBXShellScriptBuildPhase;
			buildActionMask = 2147483647;
			files = (
			);
			inputPaths = (
				"${PODS_PODFILE_DIR_PATH}/Podfile.lock",
				"${PODS_ROOT}/Manifest.lock",
			);
			name = "[CP] Check Pods Manifest.lock";
			outputPaths = (
				"$(DERIVED_FILE_DIR)/Pods-StampytUITests-checkManifestLockResult.txt",
			);
			runOnlyForDeploymentPostprocessing = 0;
			shellPath = /bin/sh;
			shellScript = "diff \"${PODS_PODFILE_DIR_PATH}/Podfile.lock\" \"${PODS_ROOT}/Manifest.lock\" > /dev/null\nif [ $? != 0 ] ; then\n    # print error to STDERR\n    echo \"error: The sandbox is not in sync with the Podfile.lock. Run 'pod install' or update your CocoaPods installation.\" >&2\n    exit 1\nfi\n# This output is used by Xcode 'outputs' to avoid re-running this script phase.\necho \"SUCCESS\" > \"${SCRIPT_OUTPUT_FILE_0}\"\n";
			showEnvVarsInLog = 0;
		};
		540E03910D6E9E43E5DD1362 /* [CP] Embed Pods Frameworks */ = {
			isa = PBXShellScriptBuildPhase;
			buildActionMask = 2147483647;
			files = (
			);
			inputPaths = (
				"${SRCROOT}/Pods/Target Support Files/Pods-Stampyt/Pods-Stampyt-frameworks.sh",
				"${BUILT_PRODUCTS_DIR}/Alamofire/Alamofire.framework",
			);
			name = "[CP] Embed Pods Frameworks";
			outputPaths = (
				"${TARGET_BUILD_DIR}/${FRAMEWORKS_FOLDER_PATH}/Alamofire.framework",
			);
			runOnlyForDeploymentPostprocessing = 0;
			shellPath = /bin/sh;
			shellScript = "\"${SRCROOT}/Pods/Target Support Files/Pods-Stampyt/Pods-Stampyt-frameworks.sh\"\n";
			showEnvVarsInLog = 0;
		};
		731E866AC6412650339D053E /* [CP] Embed Pods Frameworks */ = {
			isa = PBXShellScriptBuildPhase;
			buildActionMask = 2147483647;
			files = (
			);
			inputPaths = (
			);
			name = "[CP] Embed Pods Frameworks";
			outputPaths = (
			);
			runOnlyForDeploymentPostprocessing = 0;
			shellPath = /bin/sh;
			shellScript = "\"${SRCROOT}/Pods/Target Support Files/Pods-StampytUITests/Pods-StampytUITests-frameworks.sh\"\n";
			showEnvVarsInLog = 0;
		};
		84B5173D45497700334F69BA /* [CP] Copy Pods Resources */ = {
			isa = PBXShellScriptBuildPhase;
			buildActionMask = 2147483647;
			files = (
			);
			inputPaths = (
			);
			name = "[CP] Copy Pods Resources";
			outputPaths = (
			);
			runOnlyForDeploymentPostprocessing = 0;
			shellPath = /bin/sh;
			shellScript = "\"${SRCROOT}/Pods/Target Support Files/Pods-Stampyt/Pods-Stampyt-resources.sh\"\n";
			showEnvVarsInLog = 0;
		};
		8F56FCED215055CE007023A1 /* ShellScript */ = {
			isa = PBXShellScriptBuildPhase;
			buildActionMask = 2147483647;
			files = (
			);
			inputPaths = (
			);
			outputPaths = (
			);
			runOnlyForDeploymentPostprocessing = 0;
			shellPath = /bin/sh;
			shellScript = "\"${PODS_ROOT}/SwiftLint/swiftlint\"\n";
		};
		964E78DAF7FE10EBD042C183 /* [CP] Copy Pods Resources */ = {
			isa = PBXShellScriptBuildPhase;
			buildActionMask = 2147483647;
			files = (
			);
			inputPaths = (
			);
			name = "[CP] Copy Pods Resources";
			outputPaths = (
			);
			runOnlyForDeploymentPostprocessing = 0;
			shellPath = /bin/sh;
			shellScript = "\"${SRCROOT}/Pods/Target Support Files/Pods-StampytUITests/Pods-StampytUITests-resources.sh\"\n";
			showEnvVarsInLog = 0;
		};
		B02B58538C9CD207102F2189 /* [CP] Check Pods Manifest.lock */ = {
			isa = PBXShellScriptBuildPhase;
			buildActionMask = 2147483647;
			files = (
			);
			inputPaths = (
				"${PODS_PODFILE_DIR_PATH}/Podfile.lock",
				"${PODS_ROOT}/Manifest.lock",
			);
			name = "[CP] Check Pods Manifest.lock";
			outputPaths = (
				"$(DERIVED_FILE_DIR)/Pods-Stampyt-checkManifestLockResult.txt",
			);
			runOnlyForDeploymentPostprocessing = 0;
			shellPath = /bin/sh;
			shellScript = "diff \"${PODS_PODFILE_DIR_PATH}/Podfile.lock\" \"${PODS_ROOT}/Manifest.lock\" > /dev/null\nif [ $? != 0 ] ; then\n    # print error to STDERR\n    echo \"error: The sandbox is not in sync with the Podfile.lock. Run 'pod install' or update your CocoaPods installation.\" >&2\n    exit 1\nfi\n# This output is used by Xcode 'outputs' to avoid re-running this script phase.\necho \"SUCCESS\" > \"${SCRIPT_OUTPUT_FILE_0}\"\n";
			showEnvVarsInLog = 0;
		};
		BE686571E2E000679ECA6B7F /* [CP] Check Pods Manifest.lock */ = {
			isa = PBXShellScriptBuildPhase;
			buildActionMask = 2147483647;
			files = (
			);
			inputPaths = (
				"${PODS_PODFILE_DIR_PATH}/Podfile.lock",
				"${PODS_ROOT}/Manifest.lock",
			);
			name = "[CP] Check Pods Manifest.lock";
			outputPaths = (
				"$(DERIVED_FILE_DIR)/Pods-StampytTests-checkManifestLockResult.txt",
			);
			runOnlyForDeploymentPostprocessing = 0;
			shellPath = /bin/sh;
			shellScript = "diff \"${PODS_PODFILE_DIR_PATH}/Podfile.lock\" \"${PODS_ROOT}/Manifest.lock\" > /dev/null\nif [ $? != 0 ] ; then\n    # print error to STDERR\n    echo \"error: The sandbox is not in sync with the Podfile.lock. Run 'pod install' or update your CocoaPods installation.\" >&2\n    exit 1\nfi\n# This output is used by Xcode 'outputs' to avoid re-running this script phase.\necho \"SUCCESS\" > \"${SCRIPT_OUTPUT_FILE_0}\"\n";
			showEnvVarsInLog = 0;
		};
		C16E9133106082CAA7682D66 /* [CP] Embed Pods Frameworks */ = {
			isa = PBXShellScriptBuildPhase;
			buildActionMask = 2147483647;
			files = (
			);
			inputPaths = (
			);
			name = "[CP] Embed Pods Frameworks";
			outputPaths = (
			);
			runOnlyForDeploymentPostprocessing = 0;
			shellPath = /bin/sh;
			shellScript = "\"${SRCROOT}/Pods/Target Support Files/Pods-StampytTests/Pods-StampytTests-frameworks.sh\"\n";
			showEnvVarsInLog = 0;
		};
		FF668C1FC37EDAEBE73FB3B7 /* [CP] Copy Pods Resources */ = {
			isa = PBXShellScriptBuildPhase;
			buildActionMask = 2147483647;
			files = (
			);
			inputPaths = (
			);
			name = "[CP] Copy Pods Resources";
			outputPaths = (
			);
			runOnlyForDeploymentPostprocessing = 0;
			shellPath = /bin/sh;
			shellScript = "\"${SRCROOT}/Pods/Target Support Files/Pods-StampytTests/Pods-StampytTests-resources.sh\"\n";
			showEnvVarsInLog = 0;
		};
/* End PBXShellScriptBuildPhase section */

/* Begin PBXSourcesBuildPhase section */
		8F56FCB221505083007023A1 /* Sources */ = {
			isa = PBXSourcesBuildPhase;
			buildActionMask = 2147483647;
			files = (
				8F56FCBC21505083007023A1 /* ShootViewController.swift in Sources */,
				8FECF7C02151428F004F3F62 /* ShootingService.swift in Sources */,
				8FDCE3222152864F00E03D74 /* UIViewControllerExtension.swift in Sources */,
				8F56FCBA21505083007023A1 /* AppDelegate.swift in Sources */,
				8FDCE3182151731C00E03D74 /* RoundedButton.swift in Sources */,
				8FDCE31E21524B3100E03D74 /* SendProductViewController.swift in Sources */,
				8FDCE31A2151746700E03D74 /* ImagePreviewViewController.swift in Sources */,
				8FDCE32021524C0500E03D74 /* ProductsPageViewController.swift in Sources */,
				8FDCE324215289D000E03D74 /* ProductViewController.swift in Sources */,
				8FDCE31521514F5D00E03D74 /* Constants.swift in Sources */,
			);
			runOnlyForDeploymentPostprocessing = 0;
		};
		8F56FCC621505083007023A1 /* Sources */ = {
			isa = PBXSourcesBuildPhase;
			buildActionMask = 2147483647;
			files = (
				8F56FCCF21505083007023A1 /* StampytTests.swift in Sources */,
			);
			runOnlyForDeploymentPostprocessing = 0;
		};
		8F56FCD121505083007023A1 /* Sources */ = {
			isa = PBXSourcesBuildPhase;
			buildActionMask = 2147483647;
			files = (
				8F56FCDA21505083007023A1 /* StampytUITests.swift in Sources */,
			);
			runOnlyForDeploymentPostprocessing = 0;
		};
/* End PBXSourcesBuildPhase section */

/* Begin PBXTargetDependency section */
		8F56FCCC21505083007023A1 /* PBXTargetDependency */ = {
			isa = PBXTargetDependency;
			target = 8F56FCB521505083007023A1 /* Stampyt */;
			targetProxy = 8F56FCCB21505083007023A1 /* PBXContainerItemProxy */;
		};
		8F56FCD721505083007023A1 /* PBXTargetDependency */ = {
			isa = PBXTargetDependency;
			target = 8F56FCB521505083007023A1 /* Stampyt */;
			targetProxy = 8F56FCD621505083007023A1 /* PBXContainerItemProxy */;
		};
/* End PBXTargetDependency section */

/* Begin PBXVariantGroup section */
		8F56FCBD21505083007023A1 /* Main.storyboard */ = {
			isa = PBXVariantGroup;
			children = (
				8F56FCBE21505083007023A1 /* Base */,
			);
			name = Main.storyboard;
			sourceTree = "<group>";
		};
		8F56FCC221505083007023A1 /* LaunchScreen.storyboard */ = {
			isa = PBXVariantGroup;
			children = (
				8F56FCC321505083007023A1 /* Base */,
			);
			name = LaunchScreen.storyboard;
			sourceTree = "<group>";
		};
/* End PBXVariantGroup section */

/* Begin XCBuildConfiguration section */
		8F56FCDC21505083007023A1 /* Debug */ = {
			isa = XCBuildConfiguration;
			buildSettings = {
				ALWAYS_SEARCH_USER_PATHS = NO;
				CLANG_ANALYZER_NONNULL = YES;
				CLANG_ANALYZER_NUMBER_OBJECT_CONVERSION = YES_AGGRESSIVE;
				CLANG_CXX_LANGUAGE_STANDARD = "gnu++14";
				CLANG_CXX_LIBRARY = "libc++";
				CLANG_ENABLE_MODULES = YES;
				CLANG_ENABLE_OBJC_ARC = YES;
				CLANG_WARN_BLOCK_CAPTURE_AUTORELEASING = YES;
				CLANG_WARN_BOOL_CONVERSION = YES;
				CLANG_WARN_COMMA = YES;
				CLANG_WARN_CONSTANT_CONVERSION = YES;
				CLANG_WARN_DEPRECATED_OBJC_IMPLEMENTATIONS = YES;
				CLANG_WARN_DIRECT_OBJC_ISA_USAGE = YES_ERROR;
				CLANG_WARN_DOCUMENTATION_COMMENTS = YES;
				CLANG_WARN_EMPTY_BODY = YES;
				CLANG_WARN_ENUM_CONVERSION = YES;
				CLANG_WARN_INFINITE_RECURSION = YES;
				CLANG_WARN_INT_CONVERSION = YES;
				CLANG_WARN_NON_LITERAL_NULL_CONVERSION = YES;
				CLANG_WARN_OBJC_IMPLICIT_RETAIN_SELF = YES;
				CLANG_WARN_OBJC_LITERAL_CONVERSION = YES;
				CLANG_WARN_OBJC_ROOT_CLASS = YES_ERROR;
				CLANG_WARN_RANGE_LOOP_ANALYSIS = YES;
				CLANG_WARN_STRICT_PROTOTYPES = YES;
				CLANG_WARN_SUSPICIOUS_MOVE = YES;
				CLANG_WARN_UNGUARDED_AVAILABILITY = YES_AGGRESSIVE;
				CLANG_WARN_UNREACHABLE_CODE = YES;
				CLANG_WARN__DUPLICATE_METHOD_MATCH = YES;
				CODE_SIGN_IDENTITY = "iPhone Developer";
				COPY_PHASE_STRIP = NO;
				DEBUG_INFORMATION_FORMAT = dwarf;
				ENABLE_STRICT_OBJC_MSGSEND = YES;
				ENABLE_TESTABILITY = YES;
				GCC_C_LANGUAGE_STANDARD = gnu11;
				GCC_DYNAMIC_NO_PIC = NO;
				GCC_NO_COMMON_BLOCKS = YES;
				GCC_OPTIMIZATION_LEVEL = 0;
				GCC_PREPROCESSOR_DEFINITIONS = (
					"DEBUG=1",
					"$(inherited)",
				);
				GCC_WARN_64_TO_32_BIT_CONVERSION = YES;
				GCC_WARN_ABOUT_RETURN_TYPE = YES_ERROR;
				GCC_WARN_UNDECLARED_SELECTOR = YES;
				GCC_WARN_UNINITIALIZED_AUTOS = YES_AGGRESSIVE;
				GCC_WARN_UNUSED_FUNCTION = YES;
				GCC_WARN_UNUSED_VARIABLE = YES;
				IPHONEOS_DEPLOYMENT_TARGET = 11.0;
				MTL_ENABLE_DEBUG_INFO = YES;
				ONLY_ACTIVE_ARCH = YES;
				SDKROOT = iphoneos;
				SWIFT_ACTIVE_COMPILATION_CONDITIONS = DEBUG;
				SWIFT_OPTIMIZATION_LEVEL = "-Onone";
			};
			name = Debug;
		};
		8F56FCDD21505083007023A1 /* Release */ = {
			isa = XCBuildConfiguration;
			buildSettings = {
				ALWAYS_SEARCH_USER_PATHS = NO;
				CLANG_ANALYZER_NONNULL = YES;
				CLANG_ANALYZER_NUMBER_OBJECT_CONVERSION = YES_AGGRESSIVE;
				CLANG_CXX_LANGUAGE_STANDARD = "gnu++14";
				CLANG_CXX_LIBRARY = "libc++";
				CLANG_ENABLE_MODULES = YES;
				CLANG_ENABLE_OBJC_ARC = YES;
				CLANG_WARN_BLOCK_CAPTURE_AUTORELEASING = YES;
				CLANG_WARN_BOOL_CONVERSION = YES;
				CLANG_WARN_COMMA = YES;
				CLANG_WARN_CONSTANT_CONVERSION = YES;
				CLANG_WARN_DEPRECATED_OBJC_IMPLEMENTATIONS = YES;
				CLANG_WARN_DIRECT_OBJC_ISA_USAGE = YES_ERROR;
				CLANG_WARN_DOCUMENTATION_COMMENTS = YES;
				CLANG_WARN_EMPTY_BODY = YES;
				CLANG_WARN_ENUM_CONVERSION = YES;
				CLANG_WARN_INFINITE_RECURSION = YES;
				CLANG_WARN_INT_CONVERSION = YES;
				CLANG_WARN_NON_LITERAL_NULL_CONVERSION = YES;
				CLANG_WARN_OBJC_IMPLICIT_RETAIN_SELF = YES;
				CLANG_WARN_OBJC_LITERAL_CONVERSION = YES;
				CLANG_WARN_OBJC_ROOT_CLASS = YES_ERROR;
				CLANG_WARN_RANGE_LOOP_ANALYSIS = YES;
				CLANG_WARN_STRICT_PROTOTYPES = YES;
				CLANG_WARN_SUSPICIOUS_MOVE = YES;
				CLANG_WARN_UNGUARDED_AVAILABILITY = YES_AGGRESSIVE;
				CLANG_WARN_UNREACHABLE_CODE = YES;
				CLANG_WARN__DUPLICATE_METHOD_MATCH = YES;
				CODE_SIGN_IDENTITY = "iPhone Developer";
				COPY_PHASE_STRIP = NO;
				DEBUG_INFORMATION_FORMAT = "dwarf-with-dsym";
				ENABLE_NS_ASSERTIONS = NO;
				ENABLE_STRICT_OBJC_MSGSEND = YES;
				GCC_C_LANGUAGE_STANDARD = gnu11;
				GCC_NO_COMMON_BLOCKS = YES;
				GCC_WARN_64_TO_32_BIT_CONVERSION = YES;
				GCC_WARN_ABOUT_RETURN_TYPE = YES_ERROR;
				GCC_WARN_UNDECLARED_SELECTOR = YES;
				GCC_WARN_UNINITIALIZED_AUTOS = YES_AGGRESSIVE;
				GCC_WARN_UNUSED_FUNCTION = YES;
				GCC_WARN_UNUSED_VARIABLE = YES;
				IPHONEOS_DEPLOYMENT_TARGET = 11.0;
				MTL_ENABLE_DEBUG_INFO = NO;
				SDKROOT = iphoneos;
				SWIFT_OPTIMIZATION_LEVEL = "-Owholemodule";
				VALIDATE_PRODUCT = YES;
			};
			name = Release;
		};
		8F56FCDF21505083007023A1 /* Debug */ = {
			isa = XCBuildConfiguration;
			baseConfigurationReference = C0ACE3D14A358C07C128D0F5 /* Pods-Stampyt.debug.xcconfig */;
			buildSettings = {
				ASSETCATALOG_COMPILER_APPICON_NAME = AppIcon;
				CODE_SIGN_STYLE = Automatic;
				DEVELOPMENT_TEAM = XL6X7NGQBC;
				INFOPLIST_FILE = Stampyt/Info.plist;
				LD_RUNPATH_SEARCH_PATHS = "$(inherited) @executable_path/Frameworks";
				PRODUCT_BUNDLE_IDENTIFIER = com.pierre.Stampyt;
				PRODUCT_NAME = "$(TARGET_NAME)";
				SWIFT_VERSION = 4.2;
				TARGETED_DEVICE_FAMILY = "1,2";
			};
			name = Debug;
		};
		8F56FCE021505083007023A1 /* Release */ = {
			isa = XCBuildConfiguration;
			baseConfigurationReference = 688131415439C5ED4F94CBE2 /* Pods-Stampyt.release.xcconfig */;
			buildSettings = {
				ASSETCATALOG_COMPILER_APPICON_NAME = AppIcon;
				CODE_SIGN_STYLE = Automatic;
				DEVELOPMENT_TEAM = XL6X7NGQBC;
				INFOPLIST_FILE = Stampyt/Info.plist;
				LD_RUNPATH_SEARCH_PATHS = "$(inherited) @executable_path/Frameworks";
				PRODUCT_BUNDLE_IDENTIFIER = com.pierre.Stampyt;
				PRODUCT_NAME = "$(TARGET_NAME)";
				SWIFT_VERSION = 4.2;
				TARGETED_DEVICE_FAMILY = "1,2";
			};
			name = Release;
		};
		8F56FCE221505083007023A1 /* Debug */ = {
			isa = XCBuildConfiguration;
			baseConfigurationReference = C0D3B18B1222C4E82B593469 /* Pods-StampytTests.debug.xcconfig */;
			buildSettings = {
				ALWAYS_EMBED_SWIFT_STANDARD_LIBRARIES = YES;
				BUNDLE_LOADER = "$(TEST_HOST)";
				CODE_SIGN_STYLE = Automatic;
				DEVELOPMENT_TEAM = XL6X7NGQBC;
				INFOPLIST_FILE = StampytTests/Info.plist;
				LD_RUNPATH_SEARCH_PATHS = "$(inherited) @executable_path/Frameworks @loader_path/Frameworks";
				PRODUCT_BUNDLE_IDENTIFIER = com.pierre.StampytTests;
				PRODUCT_NAME = "$(TARGET_NAME)";
				SWIFT_VERSION = 4.2;
				TARGETED_DEVICE_FAMILY = "1,2";
				TEST_HOST = "$(BUILT_PRODUCTS_DIR)/Stampyt.app/Stampyt";
			};
			name = Debug;
		};
		8F56FCE321505083007023A1 /* Release */ = {
			isa = XCBuildConfiguration;
			baseConfigurationReference = 00C6E14FF1E4EFD9E18EA5CC /* Pods-StampytTests.release.xcconfig */;
			buildSettings = {
				ALWAYS_EMBED_SWIFT_STANDARD_LIBRARIES = YES;
				BUNDLE_LOADER = "$(TEST_HOST)";
				CODE_SIGN_STYLE = Automatic;
				DEVELOPMENT_TEAM = XL6X7NGQBC;
				INFOPLIST_FILE = StampytTests/Info.plist;
				LD_RUNPATH_SEARCH_PATHS = "$(inherited) @executable_path/Frameworks @loader_path/Frameworks";
				PRODUCT_BUNDLE_IDENTIFIER = com.pierre.StampytTests;
				PRODUCT_NAME = "$(TARGET_NAME)";
				SWIFT_VERSION = 4.2;
				TARGETED_DEVICE_FAMILY = "1,2";
				TEST_HOST = "$(BUILT_PRODUCTS_DIR)/Stampyt.app/Stampyt";
			};
			name = Release;
		};
		8F56FCE521505083007023A1 /* Debug */ = {
			isa = XCBuildConfiguration;
			baseConfigurationReference = 6BE17E67A3FEA3A5C0CEC603 /* Pods-StampytUITests.debug.xcconfig */;
			buildSettings = {
				ALWAYS_EMBED_SWIFT_STANDARD_LIBRARIES = YES;
				CODE_SIGN_STYLE = Automatic;
				DEVELOPMENT_TEAM = XL6X7NGQBC;
				INFOPLIST_FILE = StampytUITests/Info.plist;
				LD_RUNPATH_SEARCH_PATHS = "$(inherited) @executable_path/Frameworks @loader_path/Frameworks";
				PRODUCT_BUNDLE_IDENTIFIER = com.pierre.StampytUITests;
				PRODUCT_NAME = "$(TARGET_NAME)";
				SWIFT_VERSION = 4.2;
				TARGETED_DEVICE_FAMILY = "1,2";
				TEST_TARGET_NAME = Stampyt;
			};
			name = Debug;
		};
		8F56FCE621505083007023A1 /* Release */ = {
			isa = XCBuildConfiguration;
			baseConfigurationReference = A243C6429663AEFBD0489656 /* Pods-StampytUITests.release.xcconfig */;
			buildSettings = {
				ALWAYS_EMBED_SWIFT_STANDARD_LIBRARIES = YES;
				CODE_SIGN_STYLE = Automatic;
				DEVELOPMENT_TEAM = XL6X7NGQBC;
				INFOPLIST_FILE = StampytUITests/Info.plist;
				LD_RUNPATH_SEARCH_PATHS = "$(inherited) @executable_path/Frameworks @loader_path/Frameworks";
				PRODUCT_BUNDLE_IDENTIFIER = com.pierre.StampytUITests;
				PRODUCT_NAME = "$(TARGET_NAME)";
				SWIFT_VERSION = 4.2;
				TARGETED_DEVICE_FAMILY = "1,2";
				TEST_TARGET_NAME = Stampyt;
			};
			name = Release;
		};
/* End XCBuildConfiguration section */

/* Begin XCConfigurationList section */
		8F56FCB121505083007023A1 /* Build configuration list for PBXProject "Stampyt" */ = {
			isa = XCConfigurationList;
			buildConfigurations = (
				8F56FCDC21505083007023A1 /* Debug */,
				8F56FCDD21505083007023A1 /* Release */,
			);
			defaultConfigurationIsVisible = 0;
			defaultConfigurationName = Release;
		};
		8F56FCDE21505083007023A1 /* Build configuration list for PBXNativeTarget "Stampyt" */ = {
			isa = XCConfigurationList;
			buildConfigurations = (
				8F56FCDF21505083007023A1 /* Debug */,
				8F56FCE021505083007023A1 /* Release */,
			);
			defaultConfigurationIsVisible = 0;
			defaultConfigurationName = Release;
		};
		8F56FCE121505083007023A1 /* Build configuration list for PBXNativeTarget "StampytTests" */ = {
			isa = XCConfigurationList;
			buildConfigurations = (
				8F56FCE221505083007023A1 /* Debug */,
				8F56FCE321505083007023A1 /* Release */,
			);
			defaultConfigurationIsVisible = 0;
			defaultConfigurationName = Release;
		};
		8F56FCE421505083007023A1 /* Build configuration list for PBXNativeTarget "StampytUITests" */ = {
			isa = XCConfigurationList;
			buildConfigurations = (
				8F56FCE521505083007023A1 /* Debug */,
				8F56FCE621505083007023A1 /* Release */,
			);
			defaultConfigurationIsVisible = 0;
			defaultConfigurationName = Release;
		};
/* End XCConfigurationList section */
	};
	rootObject = 8F56FCAE21505083007023A1 /* Project object */;
}
